
Microsoft Visual Studio Solution File, Format Version 12.00
# Visual Studio Version 17
VisualStudioVersion = 17.0.31919.166
MinimumVisualStudioVersion = 10.0.40219.1
Project("{9A19103F-16F7-4668-BE54-9A1E7A4F7556}") = "IoT.Backend", "IoT.Backend\IoT.Backend.csproj", "{891CCAF6-A7F2-4B5F-9B04-E237040BE897}"
EndProject
Project("{9A19103F-16F7-4668-BE54-9A1E7A4F7556}") = "IoT.Device", "IoT.Device\IoT.Device.csproj", "{A6BE4A84-7FC5-4B0F-8E08-9D6490B772A9}"
EndProject
Project("{2150E333-8FDC-42A3-9474-1A3956D46DE8}") = "Solution Items", "Solution Items", "{B68CB8FE-2A83-4AB8-9D15-92094BC055DB}"
	ProjectSection(SolutionItems) = preProject
		README.md = README.md
	EndProjectSection
EndProject
Project("{9A19103F-16F7-4668-BE54-9A1E7A4F7556}") = "GenerateCertificates", "GenerateCertificates\GenerateCertificates.csproj", "{0C01BEE1-7F01-46C3-9368-D66AB1FC9967}"
EndProject
Project("{FAE04EC0-301F-11D3-BF4B-00C04F79EFBC}") = "TestIssueForGit", "TestIssueForGit\TestIssueForGit.csproj", "{989FC9ED-4E41-4A24-9EF1-00FD09500EF1}"
EndProject
Global
	GlobalSection(SolutionConfigurationPlatforms) = preSolution
		Debug|Any CPU = Debug|Any CPU
		Release|Any CPU = Release|Any CPU
	EndGlobalSection
	GlobalSection(ProjectConfigurationPlatforms) = postSolution
		{891CCAF6-A7F2-4B5F-9B04-E237040BE897}.Debug|Any CPU.ActiveCfg = Debug|Any CPU
		{891CCAF6-A7F2-4B5F-9B04-E237040BE897}.Debug|Any CPU.Build.0 = Debug|Any CPU
		{891CCAF6-A7F2-4B5F-9B04-E237040BE897}.Release|Any CPU.ActiveCfg = Release|Any CPU
		{891CCAF6-A7F2-4B5F-9B04-E237040BE897}.Release|Any CPU.Build.0 = Release|Any CPU
		{A6BE4A84-7FC5-4B0F-8E08-9D6490B772A9}.Debug|Any CPU.ActiveCfg = Debug|Any CPU
		{A6BE4A84-7FC5-4B0F-8E08-9D6490B772A9}.Debug|Any CPU.Build.0 = Debug|Any CPU
		{A6BE4A84-7FC5-4B0F-8E08-9D6490B772A9}.Release|Any CPU.ActiveCfg = Release|Any CPU
		{A6BE4A84-7FC5-4B0F-8E08-9D6490B772A9}.Release|Any CPU.Build.0 = Release|Any CPU
		{0C01BEE1-7F01-46C3-9368-D66AB1FC9967}.Debug|Any CPU.ActiveCfg = Debug|Any CPU
		{0C01BEE1-7F01-46C3-9368-D66AB1FC9967}.Debug|Any CPU.Build.0 = Debug|Any CPU
		{0C01BEE1-7F01-46C3-9368-D66AB1FC9967}.Release|Any CPU.ActiveCfg = Release|Any CPU
		{0C01BEE1-7F01-46C3-9368-D66AB1FC9967}.Release|Any CPU.Build.0 = Release|Any CPU
		{989FC9ED-4E41-4A24-9EF1-00FD09500EF1}.Debug|Any CPU.ActiveCfg = Debug|Any CPU
		{989FC9ED-4E41-4A24-9EF1-00FD09500EF1}.Debug|Any CPU.Build.0 = Debug|Any CPU
		{989FC9ED-4E41-4A24-9EF1-00FD09500EF1}.Release|Any CPU.ActiveCfg = Release|Any CPU
		{989FC9ED-4E41-4A24-9EF1-00FD09500EF1}.Release|Any CPU.Build.0 = Release|Any CPU
	EndGlobalSection
	GlobalSection(SolutionProperties) = preSolution
		HideSolutionNode = FALSE
	EndGlobalSection
	GlobalSection(ExtensibilityGlobals) = postSolution
		SolutionGuid = {88111BA1-4E11-436B-B373-4D0205BDFEDA}
	EndGlobalSection
EndGlobal
