
Microsoft Visual Studio Solution File, Format Version 12.00
# Visual Studio Version 17
VisualStudioVersion = 17.0.31919.166
MinimumVisualStudioVersion = 10.0.40219.1
Project("{2150E333-8FDC-42A3-9474-1A3956D46DE8}") = "Solution Items", "Solution Items", "{B68CB8FE-2A83-4AB8-9D15-92094BC055DB}"
	ProjectSection(SolutionItems) = preProject
		README.md = README.md
	EndProjectSection
EndProject
Project("{9A19103F-16F7-4668-BE54-9A1E7A4F7556}") = "GenerateCertificates", "GenerateCertificates\GenerateCertificates.csproj", "{0C01BEE1-7F01-46C3-9368-D66AB1FC9967}"
EndProject
Project("{9A19103F-16F7-4668-BE54-9A1E7A4F7556}") = "IoT.Device.Wpf", "IoT.Device.Wpf\IoT.Device.Wpf.csproj", "{9F7A534D-C2D5-42A8-B3B8-B0FDE91B0DAF}"
EndProject
Project("{9A19103F-16F7-4668-BE54-9A1E7A4F7556}") = "IoT.Backend.Wpf", "IoT.Backend.Wpf\IoT.Backend.Wpf.csproj", "{F0C968BC-3147-4E68-A9ED-853E3DF6B540}"
EndProject
Project("{9A19103F-16F7-4668-BE54-9A1E7A4F7556}") = "IoT.Device.SASAuth.FileUpload.Wpf", "IoT.Device.SASAuth.FileUpload.Wpf\IoT.Device.SASAuth.FileUpload.Wpf.csproj", "{C0701CAC-B024-44D8-83B7-CB5D560DEB26}"
EndProject
Project("{2150E333-8FDC-42A3-9474-1A3956D46DE8}") = "TestGitIssue", "TestGitIssue", "{6F2C8DB1-4F98-43D3-BAE7-0E7FECFC8FBF}"
EndProject
Project("{9A19103F-16F7-4668-BE54-9A1E7A4F7556}") = "TestCreateDeviceIdentity.Anton", "TestGitIssue\TestCreateDeviceIdentity.Anton\TestCreateDeviceIdentity.Anton.csproj", "{049E2FA9-02DE-4FD2-BD10-A0CFB1CF19F2}"
EndProject
Project("{9A19103F-16F7-4668-BE54-9A1E7A4F7556}") = "TestCreateEnrollment.Anton", "TestGitIssue\TestCreateEnrollment.Anton\TestCreateEnrollment.Anton.csproj", "{3BC01D56-5CC7-4798-8F09-9F1F47E14851}"
EndProject
Project("{9A19103F-16F7-4668-BE54-9A1E7A4F7556}") = "TestIssueForGit.Device.Anton", "TestGitIssue\TestIssueForGit.Device.Anton\TestIssueForGit.Device.Anton.csproj", "{2DC67B39-7C98-40CF-81E7-E9FED766D67D}"
EndProject
Project("{9A19103F-16F7-4668-BE54-9A1E7A4F7556}") = "TestIssueForGit.Backend.Anton.Feedback", "TestGitIssue\TestIssueForGit.Backend.Anton.Feedback\TestIssueForGit.Backend.Anton.Feedback.csproj", "{1B00ECF5-36F6-48B3-A541-042C2618CB23}"
EndProject
Project("{9A19103F-16F7-4668-BE54-9A1E7A4F7556}") = "TestIssueForGit.Backend.Anton.SendMsg", "TestGitIssue\TestIssueForGit.Backend.Anton.SendMsg\TestIssueForGit.Backend.Anton.SendMsg.csproj", "{359F915C-050F-4C3D-9242-5212531E4836}"
EndProject
Project("{2150E333-8FDC-42A3-9474-1A3956D46DE8}") = "Libs", "Libs", "{CDBFA7D0-E65C-40A6-ACF9-58A9BEC29945}"
	ProjectSection(SolutionItems) = preProject
		Libs\Microsoft.Azure.Devices.Client.dll = Libs\Microsoft.Azure.Devices.Client.dll
		Libs\Microsoft.Azure.Devices.Provisioning.Client.dll = Libs\Microsoft.Azure.Devices.Provisioning.Client.dll
	EndProjectSection
EndProject
Project("{9A19103F-16F7-4668-BE54-9A1E7A4F7556}") = "TestIssueForGit.Device.Anton.V1", "TestGitIssue\TestIssueForGit.Device.Anton.V1\TestIssueForGit.Device.Anton.V1.csproj", "{28F355F9-B254-4AEF-93A6-A091FB6A62AE}"
EndProject
Global
	GlobalSection(SolutionConfigurationPlatforms) = preSolution
		Debug|Any CPU = Debug|Any CPU
		Release|Any CPU = Release|Any CPU
	EndGlobalSection
	GlobalSection(ProjectConfigurationPlatforms) = postSolution
		{0C01BEE1-7F01-46C3-9368-D66AB1FC9967}.Debug|Any CPU.ActiveCfg = Debug|Any CPU
		{0C01BEE1-7F01-46C3-9368-D66AB1FC9967}.Debug|Any CPU.Build.0 = Debug|Any CPU
		{0C01BEE1-7F01-46C3-9368-D66AB1FC9967}.Release|Any CPU.ActiveCfg = Release|Any CPU
		{0C01BEE1-7F01-46C3-9368-D66AB1FC9967}.Release|Any CPU.Build.0 = Release|Any CPU
		{9F7A534D-C2D5-42A8-B3B8-B0FDE91B0DAF}.Debug|Any CPU.ActiveCfg = Debug|Any CPU
		{9F7A534D-C2D5-42A8-B3B8-B0FDE91B0DAF}.Debug|Any CPU.Build.0 = Debug|Any CPU
		{9F7A534D-C2D5-42A8-B3B8-B0FDE91B0DAF}.Release|Any CPU.ActiveCfg = Release|Any CPU
		{9F7A534D-C2D5-42A8-B3B8-B0FDE91B0DAF}.Release|Any CPU.Build.0 = Release|Any CPU
		{F0C968BC-3147-4E68-A9ED-853E3DF6B540}.Debug|Any CPU.ActiveCfg = Debug|Any CPU
		{F0C968BC-3147-4E68-A9ED-853E3DF6B540}.Debug|Any CPU.Build.0 = Debug|Any CPU
		{F0C968BC-3147-4E68-A9ED-853E3DF6B540}.Release|Any CPU.ActiveCfg = Release|Any CPU
		{F0C968BC-3147-4E68-A9ED-853E3DF6B540}.Release|Any CPU.Build.0 = Release|Any CPU
		{C0701CAC-B024-44D8-83B7-CB5D560DEB26}.Debug|Any CPU.ActiveCfg = Debug|Any CPU
		{C0701CAC-B024-44D8-83B7-CB5D560DEB26}.Debug|Any CPU.Build.0 = Debug|Any CPU
		{C0701CAC-B024-44D8-83B7-CB5D560DEB26}.Release|Any CPU.ActiveCfg = Release|Any CPU
		{C0701CAC-B024-44D8-83B7-CB5D560DEB26}.Release|Any CPU.Build.0 = Release|Any CPU
		{049E2FA9-02DE-4FD2-BD10-A0CFB1CF19F2}.Debug|Any CPU.ActiveCfg = Debug|Any CPU
		{049E2FA9-02DE-4FD2-BD10-A0CFB1CF19F2}.Debug|Any CPU.Build.0 = Debug|Any CPU
		{049E2FA9-02DE-4FD2-BD10-A0CFB1CF19F2}.Release|Any CPU.ActiveCfg = Release|Any CPU
		{049E2FA9-02DE-4FD2-BD10-A0CFB1CF19F2}.Release|Any CPU.Build.0 = Release|Any CPU
		{3BC01D56-5CC7-4798-8F09-9F1F47E14851}.Debug|Any CPU.ActiveCfg = Debug|Any CPU
		{3BC01D56-5CC7-4798-8F09-9F1F47E14851}.Debug|Any CPU.Build.0 = Debug|Any CPU
		{3BC01D56-5CC7-4798-8F09-9F1F47E14851}.Release|Any CPU.ActiveCfg = Release|Any CPU
		{3BC01D56-5CC7-4798-8F09-9F1F47E14851}.Release|Any CPU.Build.0 = Release|Any CPU
		{2DC67B39-7C98-40CF-81E7-E9FED766D67D}.Debug|Any CPU.ActiveCfg = Debug|Any CPU
		{2DC67B39-7C98-40CF-81E7-E9FED766D67D}.Debug|Any CPU.Build.0 = Debug|Any CPU
		{2DC67B39-7C98-40CF-81E7-E9FED766D67D}.Release|Any CPU.ActiveCfg = Release|Any CPU
		{2DC67B39-7C98-40CF-81E7-E9FED766D67D}.Release|Any CPU.Build.0 = Release|Any CPU
		{1B00ECF5-36F6-48B3-A541-042C2618CB23}.Debug|Any CPU.ActiveCfg = Debug|Any CPU
		{1B00ECF5-36F6-48B3-A541-042C2618CB23}.Debug|Any CPU.Build.0 = Debug|Any CPU
		{1B00ECF5-36F6-48B3-A541-042C2618CB23}.Release|Any CPU.ActiveCfg = Release|Any CPU
		{1B00ECF5-36F6-48B3-A541-042C2618CB23}.Release|Any CPU.Build.0 = Release|Any CPU
		{359F915C-050F-4C3D-9242-5212531E4836}.Debug|Any CPU.ActiveCfg = Debug|Any CPU
		{359F915C-050F-4C3D-9242-5212531E4836}.Debug|Any CPU.Build.0 = Debug|Any CPU
		{359F915C-050F-4C3D-9242-5212531E4836}.Release|Any CPU.ActiveCfg = Release|Any CPU
		{359F915C-050F-4C3D-9242-5212531E4836}.Release|Any CPU.Build.0 = Release|Any CPU
		{28F355F9-B254-4AEF-93A6-A091FB6A62AE}.Debug|Any CPU.ActiveCfg = Debug|Any CPU
		{28F355F9-B254-4AEF-93A6-A091FB6A62AE}.Debug|Any CPU.Build.0 = Debug|Any CPU
		{28F355F9-B254-4AEF-93A6-A091FB6A62AE}.Release|Any CPU.ActiveCfg = Release|Any CPU
		{28F355F9-B254-4AEF-93A6-A091FB6A62AE}.Release|Any CPU.Build.0 = Release|Any CPU
	EndGlobalSection
	GlobalSection(SolutionProperties) = preSolution
		HideSolutionNode = FALSE
	EndGlobalSection
	GlobalSection(NestedProjects) = preSolution
		{049E2FA9-02DE-4FD2-BD10-A0CFB1CF19F2} = {6F2C8DB1-4F98-43D3-BAE7-0E7FECFC8FBF}
		{3BC01D56-5CC7-4798-8F09-9F1F47E14851} = {6F2C8DB1-4F98-43D3-BAE7-0E7FECFC8FBF}
		{2DC67B39-7C98-40CF-81E7-E9FED766D67D} = {6F2C8DB1-4F98-43D3-BAE7-0E7FECFC8FBF}
		{1B00ECF5-36F6-48B3-A541-042C2618CB23} = {6F2C8DB1-4F98-43D3-BAE7-0E7FECFC8FBF}
		{359F915C-050F-4C3D-9242-5212531E4836} = {6F2C8DB1-4F98-43D3-BAE7-0E7FECFC8FBF}
		{28F355F9-B254-4AEF-93A6-A091FB6A62AE} = {6F2C8DB1-4F98-43D3-BAE7-0E7FECFC8FBF}
	EndGlobalSection
	GlobalSection(ExtensibilityGlobals) = postSolution
		SolutionGuid = {88111BA1-4E11-436B-B373-4D0205BDFEDA}
	EndGlobalSection
EndGlobal
